	<Project xmlns="http://schemas.microsoft.com/developer/msbuild/2003">
		<PropertyGroup>
			<ProjectGuid>{00d86b75-aee0-41e3-b861-bd919c052c99}</ProjectGuid>
			<MainSource>HexEditor.dpr</MainSource>
			<Configuration Condition=" '$(Configuration)' == '' ">Debug</Configuration>
			<DCC_DCCCompiler>DCC32</DCC_DCCCompiler>
			<DCC_DependencyCheckOutputName>HexEditor.exe</DCC_DependencyCheckOutputName>
			<ProjectVersion>12.2</ProjectVersion>
			<Base>True</Base>
			<Config Condition="'$(Config)'==''">Debug</Config>
			<Platform>Win32</Platform>
			<AppType>Application</AppType>
			<FrameworkType>VCL</FrameworkType>
		</PropertyGroup>
		<PropertyGroup Condition="'$(Config)'=='Base' or '$(Base)'!=''">
			<Base>true</Base>
		</PropertyGroup>
		<PropertyGroup Condition="'$(Config)'=='Release' or '$(Cfg_1)'!=''">
			<Cfg_1>true</Cfg_1>
			<CfgParent>Base</CfgParent>
			<Base>true</Base>
		</PropertyGroup>
		<PropertyGroup Condition="'$(Config)'=='Debug' or '$(Cfg_2)'!=''">
			<Cfg_2>true</Cfg_2>
			<CfgParent>Base</CfgParent>
			<Base>true</Base>
		</PropertyGroup>
		<PropertyGroup Condition="'$(Base)'!=''">
			<DCC_UnitAlias>WinTypes=Windows;WinProcs=Windows;DbiTypes=BDE;DbiProcs=BDE;DbiErrs=BDE;$(DCC_UnitAlias)</DCC_UnitAlias>
		</PropertyGroup>
		<PropertyGroup Condition="'$(Cfg_1)'!=''">
			<Version>7.0</Version>
			<DCC_DebugInformation>False</DCC_DebugInformation>
			<DCC_LocalDebugSymbols>False</DCC_LocalDebugSymbols>
			<DCC_SymbolReferenceInfo>0</DCC_SymbolReferenceInfo>
			<DCC_Define>RELEASE;$(DCC_Define)</DCC_Define>
		</PropertyGroup>
		<PropertyGroup Condition="'$(Cfg_2)'!=''">
			<Version>7.0</Version>
			<DCC_Define>DEBUG;$(DCC_Define)</DCC_Define>
			<DCC_UnitSearchPath>D:\Data\Delphi\KComponents\source;$(DCC_UnitSearchPath)</DCC_UnitSearchPath>
			<DCC_ResourcePath>D:\Data\Delphi\KComponents\source;$(DCC_ResourcePath)</DCC_ResourcePath>
			<DCC_ObjPath>D:\Data\Delphi\KComponents\source;$(DCC_ObjPath)</DCC_ObjPath>
			<DCC_IncludePath>D:\Data\Delphi\KComponents\source;$(DCC_IncludePath)</DCC_IncludePath>
		</PropertyGroup>
		<ProjectExtensions>
			<Borland.Personality>Delphi.Personality.12</Borland.Personality>
			<Borland.ProjectType>VCLApplication</Borland.ProjectType>
			<BorlandProject>
				<Delphi.Personality>
					<Parameters/>
					<VersionInfo>
						<VersionInfo Name="IncludeVerInfo">True</VersionInfo>
						<VersionInfo Name="AutoIncBuild">False</VersionInfo>
						<VersionInfo Name="MajorVer">1</VersionInfo>
						<VersionInfo Name="MinorVer">2</VersionInfo>
						<VersionInfo Name="Release">3</VersionInfo>
						<VersionInfo Name="Build">13</VersionInfo>
						<VersionInfo Name="Debug">False</VersionInfo>
						<VersionInfo Name="PreRelease">False</VersionInfo>
						<VersionInfo Name="Special">False</VersionInfo>
						<VersionInfo Name="Private">False</VersionInfo>
						<VersionInfo Name="DLL">False</VersionInfo>
						<VersionInfo Name="Locale">1029</VersionInfo>
						<VersionInfo Name="CodePage">1250</VersionInfo>
					</VersionInfo>
					<VersionInfoKeys>
						<VersionInfoKeys Name="CompanyName">TK</VersionInfoKeys>
						<VersionInfoKeys Name="FileDescription">Hex editor (demo)</VersionInfoKeys>
						<VersionInfoKeys Name="FileVersion">1.2.3.13</VersionInfoKeys>
						<VersionInfoKeys Name="InternalName"/>
						<VersionInfoKeys Name="LegalCopyright">(C) 2006 Tomas Krysl</VersionInfoKeys>
						<VersionInfoKeys Name="LegalTrademarks"/>
						<VersionInfoKeys Name="OriginalFilename"/>
						<VersionInfoKeys Name="ProductName"/>
						<VersionInfoKeys Name="ProductVersion">1.0.0.0</VersionInfoKeys>
						<VersionInfoKeys Name="Comments"/>
					</VersionInfoKeys>
					<Excluded_Packages>
						<Excluded_Packages Name="$(BDSBIN)\dclib100.bpl">Borland InterBase Express Components</Excluded_Packages>
						<Excluded_Packages Name="D:\Data\RAD Studio\5.0\Bpl\JclBaseExpert110.bpl">File D:\Data\RAD Studio\5.0\Bpl\JclBaseExpert110.bpl not found</Excluded_Packages>
						<Excluded_Packages Name="D:\Data\RAD Studio\5.0\Bpl\JclDebugExpert110.bpl">File D:\Data\RAD Studio\5.0\Bpl\JclDebugExpert110.bpl not found</Excluded_Packages>
						<Excluded_Packages Name="D:\Data\RAD Studio\5.0\Bpl\JclProjectAnalysisExpert110.bpl">File D:\Data\RAD Studio\5.0\Bpl\JclProjectAnalysisExpert110.bpl not found</Excluded_Packages>
						<Excluded_Packages Name="D:\Data\RAD Studio\5.0\Bpl\JclFavoriteFoldersExpert110.bpl">File D:\Data\RAD Studio\5.0\Bpl\JclFavoriteFoldersExpert110.bpl not found</Excluded_Packages>
						<Excluded_Packages Name="D:\Data\RAD Studio\5.0\Bpl\JclRepositoryExpert110.bpl">File D:\Data\RAD Studio\5.0\Bpl\JclRepositoryExpert110.bpl not found</Excluded_Packages>
						<Excluded_Packages Name="D:\Data\RAD Studio\5.0\Bpl\JclSIMDViewExpert110.bpl">File D:\Data\RAD Studio\5.0\Bpl\JclSIMDViewExpert110.bpl not found</Excluded_Packages>
					</Excluded_Packages>
					<Source>
						<Source Name="MainSource">HexEditor.dpr</Source>
					</Source>
				</Delphi.Personality>
				<Platforms>
					<Platform value="Win32">True</Platform>
				</Platforms>
			</BorlandProject>
			<ProjectFileVersion>12</ProjectFileVersion>
		</ProjectExtensions>
		<ItemGroup>
			<DelphiCompile Include="HexEditor.dpr">
				<MainSource>MainSource</MainSource>
			</DelphiCompile>
			<DCCReference Include="Res.pas"/>
			<DCCReference Include="Basic.pas"/>
			<DCCReference Include="About.pas">
				<Form>AboutForm</Form>
			</DCCReference>
			<DCCReference Include="Search.pas">
				<Form>SearchForm</Form>
			</DCCReference>
			<DCCReference Include="Replace.pas">
				<Form>ReplaceForm</Form>
			</DCCReference>
			<DCCReference Include="Options.pas">
				<Form>OptionsForm</Form>
			</DCCReference>
			<DCCReference Include="ReplacePrompt.pas">
				<Form>ReplacePromptForm</Form>
			</DCCReference>
			<DCCReference Include="Main.pas">
				<Form>MainForm</Form>
			</DCCReference>
			<DCCReference Include="PrintStatus.pas">
				<Form>PrintStatusForm</Form>
			</DCCReference>
			<BuildConfiguration Include="Debug">
				<Key>Cfg_2</Key>
				<CfgParent>Base</CfgParent>
			</BuildConfiguration>
			<BuildConfiguration Include="Base">
				<Key>Base</Key>
			</BuildConfiguration>
			<BuildConfiguration Include="Release">
				<Key>Cfg_1</Key>
				<CfgParent>Base</CfgParent>
			</BuildConfiguration>
		</ItemGroup>
		<Import Condition="Exists('$(BDS)\Bin\CodeGear.Delphi.Targets')" Project="$(BDS)\Bin\CodeGear.Delphi.Targets"/>
		<Import Condition="Exists('$(APPDATA)\Embarcadero\$(BDSAPPDATABASEDIR)\8.0\UserTools.proj')" Project="$(APPDATA)\Embarcadero\$(BDSAPPDATABASEDIR)\8.0\UserTools.proj"/>
	</Project>
