<?xml version="1.0" encoding="UTF-8"?>
<CONFIG>
  <ProjectOptions>
    <Version Value="9"/>
    <PathDelim Value="\"/>
    <General>
      <MainUnit Value="0"/>
      <UseXPManifest Value="True"/>
      <ActiveWindowIndexAtStart Value="1"/>
    </General>
    <VersionInfo>
      <Language Value=""/>
      <CharSet Value=""/>
    </VersionInfo>
    <BuildModes Count="1">
      <Item1 Name="default" Default="True"/>
      <SharedMatrixOptions Count="1">
        <Item1 ID="779116282128" Type="IDEMacro" MacroName="LCLWidgetType" Value="qt"/>
      </SharedMatrixOptions>
    </BuildModes>
    <PublishOptions>
      <Version Value="2"/>
      <IgnoreBinaries Value="False"/>
      <IncludeFileFilter Value="*.(pas|pp|inc|lfm|lpr|lrs|lpi|lpk|sh|xml)"/>
      <ExcludeFileFilter Value="*.(bak|ppu|ppw|o|so);*~;backup"/>
    </PublishOptions>
    <RunParams>
      <local>
        <FormatVersion Value="1"/>
        <LaunchingApplication PathPlusParams="\usr\X11R6\bin\xterm -T 'Lazarus Run Output' -e $(LazarusDir)\tools\runwait.sh $(TargetCmdLine)"/>
      </local>
    </RunParams>
    <RequiredPackages Count="2">
      <Item1>
        <PackageName Value="Printer4Lazarus"/>
      </Item1>
      <Item2>
        <PackageName Value="LCL"/>
      </Item2>
    </RequiredPackages>
    <Units Count="55">
      <Unit0>
        <Filename Value="hexeditorlaz.lpr"/>
        <IsPartOfProject Value="True"/>
        <EditorIndex Value="-1"/>
        <WindowIndex Value="-1"/>
        <CursorPos X="27" Y="15"/>
        <UsageCount Value="61"/>
      </Unit0>
      <Unit1>
        <Filename Value="about.pas"/>
        <IsPartOfProject Value="True"/>
        <ComponentName Value="AboutForm"/>
        <HasResources Value="True"/>
        <ResourceBaseClass Value="Form"/>
        <UnitName Value="About"/>
        <EditorIndex Value="-1"/>
        <WindowIndex Value="1"/>
        <CursorPos Y="38"/>
        <UsageCount Value="61"/>
      </Unit1>
      <Unit2>
        <Filename Value="main.pas"/>
        <IsPartOfProject Value="True"/>
        <ComponentName Value="MainForm"/>
        <HasResources Value="True"/>
        <ResourceBaseClass Value="Form"/>
        <UnitName Value="Main"/>
        <EditorIndex Value="2"/>
        <WindowIndex Value="1"/>
        <TopLine Value="856"/>
        <CursorPos X="12" Y="863"/>
        <UsageCount Value="61"/>
        <Loaded Value="True"/>
        <LoadedDesigner Value="True"/>
      </Unit2>
      <Unit3>
        <Filename Value="options.pas"/>
        <IsPartOfProject Value="True"/>
        <ComponentName Value="OptionsForm"/>
        <HasResources Value="True"/>
        <ResourceBaseClass Value="Form"/>
        <UnitName Value="Options"/>
        <EditorIndex Value="-1"/>
        <WindowIndex Value="1"/>
        <TopLine Value="245"/>
        <CursorPos Y="288"/>
        <UsageCount Value="61"/>
      </Unit3>
      <Unit4>
        <Filename Value="printstatus.pas"/>
        <IsPartOfProject Value="True"/>
        <ComponentName Value="PrintStatusForm"/>
        <HasResources Value="True"/>
        <ResourceBaseClass Value="Form"/>
        <UnitName Value="PrintStatus"/>
        <EditorIndex Value="-1"/>
        <WindowIndex Value="1"/>
        <CursorPos Y="44"/>
        <UsageCount Value="61"/>
      </Unit4>
      <Unit5>
        <Filename Value="replace.pas"/>
        <IsPartOfProject Value="True"/>
        <ComponentName Value="ReplaceForm"/>
        <HasResources Value="True"/>
        <ResourceBaseClass Value="Form"/>
        <UnitName Value="Replace"/>
        <EditorIndex Value="-1"/>
        <WindowIndex Value="1"/>
        <TopLine Value="17"/>
        <CursorPos Y="41"/>
        <UsageCount Value="61"/>
      </Unit5>
      <Unit6>
        <Filename Value="replaceprompt.pas"/>
        <IsPartOfProject Value="True"/>
        <ComponentName Value="ReplacePromptForm"/>
        <HasResources Value="True"/>
        <ResourceBaseClass Value="Form"/>
        <UnitName Value="ReplacePrompt"/>
        <EditorIndex Value="-1"/>
        <WindowIndex Value="1"/>
        <CursorPos Y="40"/>
        <UsageCount Value="61"/>
      </Unit6>
      <Unit7>
        <Filename Value="res.pas"/>
        <IsPartOfProject Value="True"/>
        <UnitName Value="Res"/>
        <EditorIndex Value="-1"/>
        <WindowIndex Value="1"/>
        <CursorPos X="32" Y="17"/>
        <UsageCount Value="61"/>
      </Unit7>
      <Unit8>
        <Filename Value="search.pas"/>
        <IsPartOfProject Value="True"/>
        <ComponentName Value="SearchForm"/>
        <HasResources Value="True"/>
        <ResourceBaseClass Value="Form"/>
        <UnitName Value="Search"/>
        <EditorIndex Value="-1"/>
        <WindowIndex Value="1"/>
        <TopLine Value="86"/>
        <CursorPos Y="130"/>
        <UsageCount Value="61"/>
      </Unit8>
      <Unit9>
        <Filename Value="basic.pas"/>
        <UnitName Value="Basic"/>
        <EditorIndex Value="-1"/>
        <WindowIndex Value="1"/>
        <TopLine Value="179"/>
        <CursorPos X="39" Y="195"/>
        <UsageCount Value="28"/>
      </Unit9>
      <Unit10>
        <Filename Value="..\..\source\kprintpreview.pas"/>
        <ComponentName Value="KPrintPreviewForm"/>
        <HasResources Value="True"/>
        <ResourceBaseClass Value="Form"/>
        <EditorIndex Value="-1"/>
        <WindowIndex Value="1"/>
        <TopLine Value="62"/>
        <CursorPos Y="94"/>
        <UsageCount Value="28"/>
      </Unit10>
      <Unit11>
        <Filename Value="..\..\source\khexeditor.pas"/>
        <IsVisibleTab Value="True"/>
        <EditorIndex Value="3"/>
        <WindowIndex Value="1"/>
        <TopLine Value="3456"/>
        <CursorPos X="6" Y="3468"/>
        <UsageCount Value="30"/>
        <Loaded Value="True"/>
      </Unit11>
      <Unit12>
        <Filename Value="..\..\source\kgrids.pas"/>
        <IsVisibleTab Value="True"/>
        <TopLine Value="9081"/>
        <CursorPos X="19" Y="9092"/>
        <UsageCount Value="24"/>
      </Unit12>
      <Unit13>
        <Filename Value="..\..\source\kdbgrids.pas"/>
        <IsVisibleTab Value="True"/>
        <TopLine Value="442"/>
        <CursorPos X="26" Y="470"/>
        <UsageCount Value="7"/>
      </Unit13>
      <Unit14>
        <Filename Value="..\..\source\kcontrols.pas"/>
        <EditorIndex Value="-1"/>
        <WindowIndex Value="1"/>
        <TopLine Value="3372"/>
        <CursorPos X="31" Y="3380"/>
        <UsageCount Value="28"/>
      </Unit14>
      <Unit15>
        <Filename Value="..\..\source\kdialogs.pas"/>
        <IsVisibleTab Value="True"/>
        <TopLine Value="297"/>
        <CursorPos X="31" Y="302"/>
        <UsageCount Value="10"/>
      </Unit15>
      <Unit16>
        <Filename Value="..\..\source\kprintsetup.pas"/>
        <ComponentName Value="KPrintSetupForm"/>
        <HasResources Value="True"/>
        <ResourceBaseClass Value="Form"/>
        <EditorIndex Value="-1"/>
        <WindowIndex Value="1"/>
        <CursorPos X="76" Y="13"/>
        <UsageCount Value="28"/>
      </Unit16>
      <Unit17>
        <Filename Value="..\kdbgrid\kdbgriddemolaz.lpr"/>
        <IsVisibleTab Value="True"/>
        <CursorPos X="27" Y="4"/>
        <UsageCount Value="7"/>
      </Unit17>
      <Unit18>
        <Filename Value="..\..\source\kcontrols.inc"/>
        <EditorIndex Value="-1"/>
        <WindowIndex Value="1"/>
        <CursorPos X="39" Y="35"/>
        <UsageCount Value="26"/>
      </Unit18>
      <Unit19>
        <Filename Value="D:\usr\lib\lazarus\0.9.29\lcl\printers.pas"/>
        <IsVisibleTab Value="True"/>
        <TopLine Value="561"/>
        <CursorPos Y="583"/>
        <UsageCount Value="10"/>
      </Unit19>
      <Unit20>
        <Filename Value="D:\usr\lib\lazarus\0.9.29\lcl\include\customaction.inc"/>
        <IsVisibleTab Value="True"/>
        <TopLine Value="115"/>
        <CursorPos Y="137"/>
        <UsageCount Value="10"/>
      </Unit20>
      <Unit21>
        <Filename Value="D:\usr\lib\lazarus\0.9.29\lcl\include\control.inc"/>
        <IsVisibleTab Value="True"/>
        <TopLine Value="1231"/>
        <CursorPos Y="1253"/>
        <UsageCount Value="9"/>
      </Unit21>
      <Unit22>
        <Filename Value="D:\usr\lib\lazarus\0.9.29\lcl\clipbrd.pp"/>
        <IsVisibleTab Value="True"/>
        <TopLine Value="242"/>
        <CursorPos X="16" Y="254"/>
        <UsageCount Value="9"/>
      </Unit22>
      <Unit23>
        <Filename Value="D:\usr\lib\lazarus\0.9.29\lcl\include\clipbrd.inc"/>
        <IsVisibleTab Value="True"/>
        <TopLine Value="724"/>
        <CursorPos Y="746"/>
        <UsageCount Value="9"/>
      </Unit23>
      <Unit24>
        <Filename Value="D:\usr\lib\lazarus\0.9.29\lcl\include\lclintf.inc"/>
        <IsVisibleTab Value="True"/>
        <TopLine Value="64"/>
        <CursorPos Y="86"/>
        <UsageCount Value="9"/>
      </Unit24>
      <Unit25>
        <Filename Value="D:\usr\lib\lazarus\0.9.29\lcl\interfaces\gtk\gtkwinapi.inc"/>
        <IsVisibleTab Value="True"/>
        <TopLine Value="546"/>
        <CursorPos Y="568"/>
        <UsageCount Value="9"/>
      </Unit25>
      <Unit26>
        <Filename Value="D:\usr\lib\lazarus\0.9.29\components\printers\unix\cupsdyn.pp"/>
        <IsVisibleTab Value="True"/>
        <TopLine Value="1358"/>
        <CursorPos X="14" Y="1389"/>
        <UsageCount Value="8"/>
      </Unit26>
      <Unit27>
        <Filename Value="D:\usr\lib\lazarus\0.9.29\lcl\include\statuspanels.inc"/>
        <IsVisibleTab Value="True"/>
        <TopLine Value="10"/>
        <CursorPos Y="35"/>
        <UsageCount Value="8"/>
      </Unit27>
      <Unit28>
        <Filename Value="C:\lazarusSVN\lcl\lmessages.pp"/>
        <IsVisibleTab Value="True"/>
        <CursorPos X="113" Y="22"/>
        <UsageCount Value="9"/>
      </Unit28>
      <Unit29>
        <Filename Value="C:\lazarusSVN\lcl\include\control.inc"/>
        <IsVisibleTab Value="True"/>
        <TopLine Value="1609"/>
        <CursorPos Y="1637"/>
        <UsageCount Value="22"/>
      </Unit29>
      <Unit30>
        <Filename Value="C:\lazarusSVN\lcl\include\wincontrol.inc"/>
        <IsVisibleTab Value="True"/>
        <TopLine Value="5008"/>
        <CursorPos Y="5036"/>
        <UsageCount Value="8"/>
      </Unit30>
      <Unit31>
        <Filename Value="C:\lazarusSVN\lcl\lclmessageglue.pas"/>
        <IsVisibleTab Value="True"/>
        <TopLine Value="93"/>
        <CursorPos Y="121"/>
        <UsageCount Value="8"/>
      </Unit31>
      <Unit32>
        <Filename Value="C:\lazarusSVN\lcl\interfaces\win32\win32callback.inc"/>
        <IsVisibleTab Value="True"/>
        <TopLine Value="1115"/>
        <CursorPos X="25" Y="1141"/>
        <UsageCount Value="8"/>
      </Unit32>
      <Unit33>
        <Filename Value="C:\lazarusSVN\lcl\include\application.inc"/>
        <IsVisibleTab Value="True"/>
        <TopLine Value="1773"/>
        <CursorPos Y="1801"/>
        <UsageCount Value="8"/>
      </Unit33>
      <Unit34>
        <Filename Value="C:\lazarusSVN\lcl\forms.pp"/>
        <IsVisibleTab Value="True"/>
        <TopLine Value="355"/>
        <CursorPos X="82" Y="383"/>
        <UsageCount Value="22"/>
      </Unit34>
      <Unit35>
        <Filename Value="C:\lazarusSVN\lcl\include\canvas.inc"/>
        <IsVisibleTab Value="True"/>
        <TopLine Value="1432"/>
        <CursorPos Y="1460"/>
        <UsageCount Value="22"/>
      </Unit35>
      <Unit36>
        <Filename Value="C:\lazarusSVN\lcl\include\winapi.inc"/>
        <IsVisibleTab Value="True"/>
        <TopLine Value="837"/>
        <CursorPos Y="865"/>
        <UsageCount Value="22"/>
      </Unit36>
      <Unit37>
        <Filename Value="C:\lazarusSVN\lcl\interfaces\gtk\gtkwinapi.inc"/>
        <IsVisibleTab Value="True"/>
        <TopLine Value="9239"/>
        <CursorPos Y="9267"/>
        <UsageCount Value="22"/>
      </Unit37>
      <Unit38>
        <Filename Value="..\..\source\kfunctions.pas"/>
        <EditorIndex Value="1"/>
        <WindowIndex Value="1"/>
        <TopLine Value="2281"/>
        <CursorPos Y="2301"/>
        <UsageCount Value="14"/>
        <Loaded Value="True"/>
      </Unit38>
      <Unit39>
        <Filename Value="..\..\source\kgraphics.pas"/>
        <EditorIndex Value="-1"/>
        <WindowIndex Value="1"/>
        <TopLine Value="728"/>
        <CursorPos X="10" Y="774"/>
        <UsageCount Value="12"/>
      </Unit39>
      <Unit40>
        <Filename Value="C:\lazarus\fpc\2.6.2\source\rtl\objpas\sysutils\sysinth.inc"/>
        <IsVisibleTab Value="True"/>
        <UsageCount Value="10"/>
      </Unit40>
      <Unit41>
        <Filename Value="C:\lazarus\fpc\2.6.2\source\rtl\win\sysutils.pp"/>
        <IsVisibleTab Value="True"/>
        <TopLine Value="608"/>
        <CursorPos X="10" Y="624"/>
        <UsageCount Value="10"/>
      </Unit41>
      <Unit42>
        <Filename Value="C:\lazarus\fpc\2.6.2\source\rtl\win\wininc\ascdef.inc"/>
        <IsVisibleTab Value="True"/>
        <CursorPos X="42"/>
        <UsageCount Value="10"/>
      </Unit42>
      <Unit43>
        <Filename Value="D:\home\tk\lazarus\lcl\interfaces\qt\qtwsfactory.pas"/>
        <UnitName Value="QtWSFactory"/>
        <IsVisibleTab Value="True"/>
        <TopLine Value="98"/>
        <CursorPos X="25" Y="101"/>
        <UsageCount Value="10"/>
      </Unit43>
      <Unit44>
        <Filename Value="..\..\source\keditcommon.pas"/>
        <WindowIndex Value="1"/>
        <TopLine Value="334"/>
        <CursorPos X="28" Y="347"/>
        <UsageCount Value="14"/>
        <Loaded Value="True"/>
      </Unit44>
      <Unit45>
        <Filename Value="C:\lazarus\fpc\3.0.0\source\rtl\objpas\types.pp"/>
        <UnitName Value="Types"/>
        <EditorIndex Value="-1"/>
        <WindowIndex Value="1"/>
        <TopLine Value="268"/>
        <CursorPos X="10" Y="291"/>
        <UsageCount Value="11"/>
      </Unit45>
      <Unit46>
        <Filename Value="C:\lazarus\lcl\include\font.inc"/>
        <EditorIndex Value="-1"/>
        <WindowIndex Value="1"/>
        <TopLine Value="1300"/>
        <CursorPos Y="1323"/>
        <UsageCount Value="10"/>
      </Unit46>
      <Unit47>
        <Filename Value="C:\lazarus\fpc\3.0.0\source\rtl\inc\systemh.inc"/>
        <EditorIndex Value="5"/>
        <WindowIndex Value="1"/>
        <TopLine Value="553"/>
        <CursorPos X="3" Y="574"/>
        <UsageCount Value="12"/>
        <Loaded Value="True"/>
      </Unit47>
      <Unit48>
        <Filename Value="C:\lazarus\fpc\3.0.0\source\rtl\objpas\classes\classesh.inc"/>
        <EditorIndex Value="-1"/>
        <WindowIndex Value="1"/>
        <UsageCount Value="10"/>
      </Unit48>
      <Unit49>
        <Filename Value="C:\lazarus\fpc\3.0.0\source\rtl\objpas\classes\streams.inc"/>
        <EditorIndex Value="-1"/>
        <WindowIndex Value="1"/>
        <UsageCount Value="10"/>
      </Unit49>
      <Unit50>
        <Filename Value="C:\lazarus\fpc\3.0.0\source\rtl\objpas\sysutils\filutilh.inc"/>
        <EditorIndex Value="-1"/>
        <WindowIndex Value="1"/>
        <UsageCount Value="10"/>
      </Unit50>
      <Unit51>
        <Filename Value="C:\lazarus\fpc\3.0.0\source\rtl\win\sysutils.pp"/>
        <EditorIndex Value="-1"/>
        <WindowIndex Value="1"/>
        <TopLine Value="262"/>
        <CursorPos X="41" Y="279"/>
        <UsageCount Value="10"/>
      </Unit51>
      <Unit52>
        <Filename Value="C:\lazarus\fpc\3.0.0\source\rtl\win\wininc\unifun.inc"/>
        <EditorIndex Value="-1"/>
        <WindowIndex Value="1"/>
        <TopLine Value="448"/>
        <CursorPos X="10" Y="116"/>
        <UsageCount Value="10"/>
      </Unit52>
      <Unit53>
        <Filename Value="C:\lazarus\fpc\3.0.0\source\rtl\win\wininc\redef.inc"/>
        <EditorIndex Value="-1"/>
        <WindowIndex Value="1"/>
        <TopLine Value="747"/>
        <CursorPos X="10" Y="768"/>
        <UsageCount Value="10"/>
      </Unit53>
      <Unit54>
        <Filename Value="C:\lazarus\fpc\3.0.0\source\rtl\objpas\objpas.pp"/>
        <EditorIndex Value="4"/>
        <WindowIndex Value="1"/>
        <TopLine Value="12"/>
        <CursorPos X="8" Y="33"/>
        <UsageCount Value="10"/>
        <Loaded Value="True"/>
      </Unit54>
    </Units>
    <JumpHistory Count="30" HistoryIndex="29">
      <Position1>
        <Filename Value="..\..\source\khexeditor.pas"/>
        <Caret Line="3468" Column="40" TopLine="3444"/>
      </Position1>
      <Position2>
        <Filename Value="..\..\source\khexeditor.pas"/>
        <Caret Line="3462" TopLine="3444"/>
      </Position2>
      <Position3>
        <Filename Value="..\..\source\khexeditor.pas"/>
        <Caret Line="3463" TopLine="3444"/>
      </Position3>
      <Position4>
        <Filename Value="..\..\source\khexeditor.pas"/>
        <Caret Line="3464" Column="31" TopLine="3444"/>
      </Position4>
      <Position5>
        <Filename Value="..\..\source\khexeditor.pas"/>
        <Caret Line="3467" Column="6" TopLine="3445"/>
      </Position5>
      <Position6>
        <Filename Value="..\..\source\khexeditor.pas"/>
        <Caret Line="3464" Column="28" TopLine="3446"/>
      </Position6>
      <Position7>
        <Filename Value="..\..\source\khexeditor.pas"/>
        <Caret Line="3463" Column="5" TopLine="3446"/>
      </Position7>
      <Position8>
        <Filename Value="..\..\source\khexeditor.pas"/>
        <Caret Line="3465" TopLine="3446"/>
      </Position8>
      <Position9>
        <Filename Value="..\..\source\khexeditor.pas"/>
        <Caret Line="3466" TopLine="3437"/>
      </Position9>
      <Position10>
        <Filename Value="..\..\source\khexeditor.pas"/>
        <Caret Line="3466" Column="22" TopLine="3437"/>
      </Position10>
      <Position11>
        <Filename Value="C:\lazarus\fpc\3.0.0\source\rtl\objpas\objpas.pp"/>
        <Caret Line="33" Column="8" TopLine="12"/>
      </Position11>
      <Position12>
        <Filename Value="..\..\source\khexeditor.pas"/>
        <Caret Line="3465" Column="6" TopLine="3437"/>
      </Position12>
      <Position13>
        <Filename Value="..\..\source\khexeditor.pas"/>
        <Caret Line="3463" TopLine="3437"/>
      </Position13>
      <Position14>
        <Filename Value="..\..\source\khexeditor.pas"/>
        <Caret Line="3465" TopLine="3437"/>
      </Position14>
      <Position15>
        <Filename Value="..\..\source\khexeditor.pas"/>
        <Caret Line="3463" TopLine="3437"/>
      </Position15>
      <Position16>
        <Filename Value="..\..\source\khexeditor.pas"/>
        <Caret Line="3465" TopLine="3437"/>
      </Position16>
      <Position17>
        <Filename Value="..\..\source\khexeditor.pas"/>
        <Caret Line="3466" TopLine="3437"/>
      </Position17>
      <Position18>
        <Filename Value="..\..\source\khexeditor.pas"/>
        <Caret Line="3467" TopLine="3437"/>
      </Position18>
      <Position19>
        <Filename Value="..\..\source\khexeditor.pas"/>
        <Caret Line="3463" TopLine="3437"/>
      </Position19>
      <Position20>
        <Filename Value="..\..\source\khexeditor.pas"/>
        <Caret Line="3462" Column="28" TopLine="3437"/>
      </Position20>
      <Position21>
        <Filename Value="..\..\source\khexeditor.pas"/>
        <Caret Line="3466" TopLine="3437"/>
      </Position21>
      <Position22>
        <Filename Value="..\..\source\khexeditor.pas"/>
        <Caret Line="3467" TopLine="3437"/>
      </Position22>
      <Position23>
        <Filename Value="..\..\source\khexeditor.pas"/>
        <Caret Line="3463" TopLine="3437"/>
      </Position23>
      <Position24>
        <Filename Value="..\..\source\khexeditor.pas"/>
        <Caret Line="3465" TopLine="3437"/>
      </Position24>
      <Position25>
        <Filename Value="..\..\source\khexeditor.pas"/>
        <Caret Line="3466" TopLine="3437"/>
      </Position25>
      <Position26>
        <Filename Value="..\..\source\khexeditor.pas"/>
        <Caret Line="3467" TopLine="3437"/>
      </Position26>
      <Position27>
        <Filename Value="..\..\source\khexeditor.pas"/>
        <Caret Line="3463" TopLine="3437"/>
      </Position27>
      <Position28>
        <Filename Value="..\..\source\khexeditor.pas"/>
        <Caret Line="3453" Column="18" TopLine="3438"/>
      </Position28>
      <Position29>
        <Filename Value="..\..\source\khexeditor.pas"/>
        <Caret Line="375" Column="20" TopLine="366"/>
      </Position29>
      <Position30>
        <Filename Value="..\..\source\khexeditor.pas"/>
        <Caret Line="3460" Column="3" TopLine="3456"/>
      </Position30>
    </JumpHistory>
  </ProjectOptions>
  <CompilerOptions>
    <Version Value="11"/>
    <PathDelim Value="\"/>
    <Target>
      <Filename Value="khexeditorlaz"/>
    </Target>
    <SearchPaths>
      <IncludeFiles Value="..\..\source;$(ProjOutDir)"/>
      <UnitOutputDirectory Value="lib\$(TargetCPU)-$(TargetOS)"/>
    </SearchPaths>
    <Parsing>
      <SyntaxOptions>
        <UseAnsiStrings Value="False"/>
      </SyntaxOptions>
    </Parsing>
    <Linking>
      <Options>
        <Win32>
          <GraphicApplication Value="True"/>
        </Win32>
      </Options>
    </Linking>
    <Other>
      <Verbosity>
        <ShowHints Value="False"/>
      </Verbosity>
    </Other>
  </CompilerOptions>
  <Debugging>
    <Watches Count="1">
      <Item1>
        <Expression Value="FBuffer[0x80000001]"/>
      </Item1>
    </Watches>
    <Exceptions Count="3">
      <Item1>
        <Name Value="EAbort"/>
      </Item1>
      <Item2>
        <Name Value="ECodetoolError"/>
      </Item2>
      <Item3>
        <Name Value="EFOpenError"/>
      </Item3>
    </Exceptions>
  </Debugging>
</CONFIG>
